// !$*UTF8*$!
{
	archiveVersion = 1;
	classes = {
	};
	objectVersion = 46;
	objects = {

/* Begin PBXBuildFile section */
		93332E1C1D6D3044006C5805 /* NSString+numberDivision.m in Sources */ = {isa = PBXBuildFile; fileRef = 93332E1B1D6D3044006C5805 /* NSString+numberDivision.m */; };
		93BC7DB71D659FD400414162 /* main.m in Sources */ = {isa = PBXBuildFile; fileRef = 93BC7DB61D659FD400414162 /* main.m */; };
		93BC7DBA1D659FD400414162 /* AppDelegate.m in Sources */ = {isa = PBXBuildFile; fileRef = 93BC7DB91D659FD400414162 /* AppDelegate.m */; };
		93BC7DBD1D659FD400414162 /* ViewController.m in Sources */ = {isa = PBXBuildFile; fileRef = 93BC7DBC1D659FD400414162 /* ViewController.m */; };
		93BC7DC01D659FD400414162 /* Main.storyboard in Resources */ = {isa = PBXBuildFile; fileRef = 93BC7DBE1D659FD400414162 /* Main.storyboard */; };
		93BC7DC21D659FD400414162 /* Assets.xcassets in Resources */ = {isa = PBXBuildFile; fileRef = 93BC7DC11D659FD400414162 /* Assets.xcassets */; };
		93BC7DC51D659FD400414162 /* LaunchScreen.storyboard in Resources */ = {isa = PBXBuildFile; fileRef = 93BC7DC31D659FD400414162 /* LaunchScreen.storyboard */; };
		93BC7DD01D659FD400414162 /* RuntimeHelperTests.m in Sources */ = {isa = PBXBuildFile; fileRef = 93BC7DCF1D659FD400414162 /* RuntimeHelperTests.m */; };
		93BC7DDB1D659FD400414162 /* RuntimeHelperUITests.m in Sources */ = {isa = PBXBuildFile; fileRef = 93BC7DDA1D659FD400414162 /* RuntimeHelperUITests.m */; };
		93BC7DEA1D65A09C00414162 /* UIButton+touch.m in Sources */ = {isa = PBXBuildFile; fileRef = 93BC7DE91D65A09C00414162 /* UIButton+touch.m */; };
		93BC7DEE1D65A12F00414162 /* HLPerson.m in Sources */ = {isa = PBXBuildFile; fileRef = 93BC7DEC1D65A12F00414162 /* HLPerson.m */; };
/* End PBXBuildFile section */

/* Begin PBXContainerItemProxy section */
		93BC7DCC1D659FD400414162 /* PBXContainerItemProxy */ = {
			isa = PBXContainerItemProxy;
			containerPortal = 93BC7DAA1D659FD400414162 /* Project object */;
			proxyType = 1;
			remoteGlobalIDString = 93BC7DB11D659FD400414162;
			remoteInfo = RuntimeHelper;
		};
		93BC7DD71D659FD400414162 /* PBXContainerItemProxy */ = {
			isa = PBXContainerItemProxy;
			containerPortal = 93BC7DAA1D659FD400414162 /* Project object */;
			proxyType = 1;
			remoteGlobalIDString = 93BC7DB11D659FD400414162;
			remoteInfo = RuntimeHelper;
		};
/* End PBXContainerItemProxy section */

/* Begin PBXFileReference section */
		93332E1A1D6D3044006C5805 /* NSString+numberDivision.h */ = {isa = PBXFileReference; fileEncoding = 4; lastKnownFileType = sourcecode.c.h; path = "NSString+numberDivision.h"; sourceTree = "<group>"; };
		93332E1B1D6D3044006C5805 /* NSString+numberDivision.m */ = {isa = PBXFileReference; fileEncoding = 4; lastKnownFileType = sourcecode.c.objc; path = "NSString+numberDivision.m"; sourceTree = "<group>"; };
		93BC7DB21D659FD400414162 /* RuntimeHelper.app */ = {isa = PBXFileReference; explicitFileType = wrapper.application; includeInIndex = 0; path = RuntimeHelper.app; sourceTree = BUILT_PRODUCTS_DIR; };
		93BC7DB61D659FD400414162 /* main.m */ = {isa = PBXFileReference; lastKnownFileType = sourcecode.c.objc; path = main.m; sourceTree = "<group>"; };
		93BC7DB81D659FD400414162 /* AppDelegate.h */ = {isa = PBXFileReference; lastKnownFileType = sourcecode.c.h; path = AppDelegate.h; sourceTree = "<group>"; };
		93BC7DB91D659FD400414162 /* AppDelegate.m */ = {isa = PBXFileReference; lastKnownFileType = sourcecode.c.objc; path = AppDelegate.m; sourceTree = "<group>"; };
		93BC7DBB1D659FD400414162 /* ViewController.h */ = {isa = PBXFileReference; lastKnownFileType = sourcecode.c.h; path = ViewController.h; sourceTree = "<group>"; };
		93BC7DBC1D659FD400414162 /* ViewController.m */ = {isa = PBXFileReference; lastKnownFileType = sourcecode.c.objc; path = ViewController.m; sourceTree = "<group>"; };
		93BC7DBF1D659FD400414162 /* Base */ = {isa = PBXFileReference; lastKnownFileType = file.storyboard; name = Base; path = Base.lproj/Main.storyboard; sourceTree = "<group>"; };
		93BC7DC11D659FD400414162 /* Assets.xcassets */ = {isa = PBXFileReference; lastKnownFileType = folder.assetcatalog; path = Assets.xcassets; sourceTree = "<group>"; };
		93BC7DC41D659FD400414162 /* Base */ = {isa = PBXFileReference; lastKnownFileType = file.storyboard; name = Base; path = Base.lproj/LaunchScreen.storyboard; sourceTree = "<group>"; };
		93BC7DC61D659FD400414162 /* Info.plist */ = {isa = PBXFileReference; lastKnownFileType = text.plist.xml; path = Info.plist; sourceTree = "<group>"; };
		93BC7DCB1D659FD400414162 /* RuntimeHelperTests.xctest */ = {isa = PBXFileReference; explicitFileType = wrapper.cfbundle; includeInIndex = 0; path = RuntimeHelperTests.xctest; sourceTree = BUILT_PRODUCTS_DIR; };
		93BC7DCF1D659FD400414162 /* RuntimeHelperTests.m */ = {isa = PBXFileReference; lastKnownFileType = sourcecode.c.objc; path = RuntimeHelperTests.m; sourceTree = "<group>"; };
		93BC7DD11D659FD400414162 /* Info.plist */ = {isa = PBXFileReference; lastKnownFileType = text.plist.xml; path = Info.plist; sourceTree = "<group>"; };
		93BC7DD61D659FD400414162 /* RuntimeHelperUITests.xctest */ = {isa = PBXFileReference; explicitFileType = wrapper.cfbundle; includeInIndex = 0; path = RuntimeHelperUITests.xctest; sourceTree = BUILT_PRODUCTS_DIR; };
		93BC7DDA1D659FD400414162 /* RuntimeHelperUITests.m */ = {isa = PBXFileReference; lastKnownFileType = sourcecode.c.objc; path = RuntimeHelperUITests.m; sourceTree = "<group>"; };
		93BC7DDC1D659FD400414162 /* Info.plist */ = {isa = PBXFileReference; lastKnownFileType = text.plist.xml; path = Info.plist; sourceTree = "<group>"; };
		93BC7DE81D65A09C00414162 /* UIButton+touch.h */ = {isa = PBXFileReference; fileEncoding = 4; lastKnownFileType = sourcecode.c.h; path = "UIButton+touch.h"; sourceTree = "<group>"; };
		93BC7DE91D65A09C00414162 /* UIButton+touch.m */ = {isa = PBXFileReference; fileEncoding = 4; lastKnownFileType = sourcecode.c.objc; path = "UIButton+touch.m"; sourceTree = "<group>"; };
		93BC7DEB1D65A12F00414162 /* HLPerson.h */ = {isa = PBXFileReference; fileEncoding = 4; lastKnownFileType = sourcecode.c.h; path = HLPerson.h; sourceTree = "<group>"; };
		93BC7DEC1D65A12F00414162 /* HLPerson.m */ = {isa = PBXFileReference; fileEncoding = 4; lastKnownFileType = sourcecode.c.objc; path = HLPerson.m; sourceTree = "<group>"; };
		93BC7DED1D65A12F00414162 /* RuntimeModelNscoding.h */ = {isa = PBXFileReference; fileEncoding = 4; lastKnownFileType = sourcecode.c.h; path = RuntimeModelNscoding.h; sourceTree = "<group>"; };
		93BC7DEF1D66F74400414162 /* HLArchiveModel.h */ = {isa = PBXFileReference; lastKnownFileType = sourcecode.c.h; path = HLArchiveModel.h; sourceTree = "<group>"; };
/* End PBXFileReference section */

/* Begin PBXFrameworksBuildPhase section */
		93BC7DAF1D659FD400414162 /* Frameworks */ = {
			isa = PBXFrameworksBuildPhase;
			buildActionMask = 2147483647;
			files = (
			);
			runOnlyForDeploymentPostprocessing = 0;
		};
		93BC7DC81D659FD400414162 /* Frameworks */ = {
			isa = PBXFrameworksBuildPhase;
			buildActionMask = 2147483647;
			files = (
			);
			runOnlyForDeploymentPostprocessing = 0;
		};
		93BC7DD31D659FD400414162 /* Frameworks */ = {
			isa = PBXFrameworksBuildPhase;
			buildActionMask = 2147483647;
			files = (
			);
			runOnlyForDeploymentPostprocessing = 0;
		};
/* End PBXFrameworksBuildPhase section */

/* Begin PBXGroup section */
		93332E191D6D3033006C5805 /* NSStringCategory */ = {
			isa = PBXGroup;
			children = (
				93332E1A1D6D3044006C5805 /* NSString+numberDivision.h */,
				93332E1B1D6D3044006C5805 /* NSString+numberDivision.m */,
			);
			path = NSStringCategory;
			sourceTree = "<group>";
		};
		93BC7DA91D659FD400414162 = {
			isa = PBXGroup;
			children = (
				93BC7DB41D659FD400414162 /* RuntimeHelper */,
				93BC7DCE1D659FD400414162 /* RuntimeHelperTests */,
				93BC7DD91D659FD400414162 /* RuntimeHelperUITests */,
				93BC7DB31D659FD400414162 /* Products */,
			);
			sourceTree = "<group>";
		};
		93BC7DB31D659FD400414162 /* Products */ = {
			isa = PBXGroup;
			children = (
				93BC7DB21D659FD400414162 /* RuntimeHelper.app */,
				93BC7DCB1D659FD400414162 /* RuntimeHelperTests.xctest */,
				93BC7DD61D659FD400414162 /* RuntimeHelperUITests.xctest */,
			);
			name = Products;
			sourceTree = "<group>";
		};
		93BC7DB41D659FD400414162 /* RuntimeHelper */ = {
			isa = PBXGroup;
			children = (
				93332E191D6D3033006C5805 /* NSStringCategory */,
				93BC7DB81D659FD400414162 /* AppDelegate.h */,
				93BC7DB91D659FD400414162 /* AppDelegate.m */,
				93BC7DBB1D659FD400414162 /* ViewController.h */,
				93BC7DBC1D659FD400414162 /* ViewController.m */,
				93BC7DBE1D659FD400414162 /* Main.storyboard */,
				93BC7DC11D659FD400414162 /* Assets.xcassets */,
				93BC7DC31D659FD400414162 /* LaunchScreen.storyboard */,
				93BC7DC61D659FD400414162 /* Info.plist */,
				93BC7DB51D659FD400414162 /* Supporting Files */,
				93BC7DE81D65A09C00414162 /* UIButton+touch.h */,
				93BC7DE91D65A09C00414162 /* UIButton+touch.m */,
				93BC7DEB1D65A12F00414162 /* HLPerson.h */,
				93BC7DEC1D65A12F00414162 /* HLPerson.m */,
				93BC7DED1D65A12F00414162 /* RuntimeModelNscoding.h */,
				93BC7DEF1D66F74400414162 /* HLArchiveModel.h */,
			);
			path = RuntimeHelper;
			sourceTree = "<group>";
		};
		93BC7DB51D659FD400414162 /* Supporting Files */ = {
			isa = PBXGroup;
			children = (
				93BC7DB61D659FD400414162 /* main.m */,
			);
			name = "Supporting Files";
			sourceTree = "<group>";
		};
		93BC7DCE1D659FD400414162 /* RuntimeHelperTests */ = {
			isa = PBXGroup;
			children = (
				93BC7DCF1D659FD400414162 /* RuntimeHelperTests.m */,
				93BC7DD11D659FD400414162 /* Info.plist */,
			);
			path = RuntimeHelperTests;
			sourceTree = "<group>";
		};
		93BC7DD91D659FD400414162 /* RuntimeHelperUITests */ = {
			isa = PBXGroup;
			children = (
				93BC7DDA1D659FD400414162 /* RuntimeHelperUITests.m */,
				93BC7DDC1D659FD400414162 /* Info.plist */,
			);
			path = RuntimeHelperUITests;
			sourceTree = "<group>";
		};
/* End PBXGroup section */

/* Begin PBXNativeTarget section */
		93BC7DB11D659FD400414162 /* RuntimeHelper */ = {
			isa = PBXNativeTarget;
			buildConfigurationList = 93BC7DDF1D659FD400414162 /* Build configuration list for PBXNativeTarget "RuntimeHelper" */;
			buildPhases = (
				93BC7DAE1D659FD400414162 /* Sources */,
				93BC7DAF1D659FD400414162 /* Frameworks */,
				93BC7DB01D659FD400414162 /* Resources */,
			);
			buildRules = (
			);
			dependencies = (
			);
			name = RuntimeHelper;
			productName = RuntimeHelper;
			productReference = 93BC7DB21D659FD400414162 /* RuntimeHelper.app */;
			productType = "com.apple.product-type.application";
		};
		93BC7DCA1D659FD400414162 /* RuntimeHelperTests */ = {
			isa = PBXNativeTarget;
			buildConfigurationList = 93BC7DE21D659FD400414162 /* Build configuration list for PBXNativeTarget "RuntimeHelperTests" */;
			buildPhases = (
				93BC7DC71D659FD400414162 /* Sources */,
				93BC7DC81D659FD400414162 /* Frameworks */,
				93BC7DC91D659FD400414162 /* Resources */,
			);
			buildRules = (
			);
			dependencies = (
				93BC7DCD1D659FD400414162 /* PBXTargetDependency */,
			);
			name = RuntimeHelperTests;
			productName = RuntimeHelperTests;
			productReference = 93BC7DCB1D659FD400414162 /* RuntimeHelperTests.xctest */;
			productType = "com.apple.product-type.bundle.unit-test";
		};
		93BC7DD51D659FD400414162 /* RuntimeHelperUITests */ = {
			isa = PBXNativeTarget;
			buildConfigurationList = 93BC7DE51D659FD400414162 /* Build configuration list for PBXNativeTarget "RuntimeHelperUITests" */;
			buildPhases = (
				93BC7DD21D659FD400414162 /* Sources */,
				93BC7DD31D659FD400414162 /* Frameworks */,
				93BC7DD41D659FD400414162 /* Resources */,
			);
			buildRules = (
			);
			dependencies = (
				93BC7DD81D659FD400414162 /* PBXTargetDependency */,
			);
			name = RuntimeHelperUITests;
			productName = RuntimeHelperUITests;
			productReference = 93BC7DD61D659FD400414162 /* RuntimeHelperUITests.xctest */;
			productType = "com.apple.product-type.bundle.ui-testing";
		};
/* End PBXNativeTarget section */

/* Begin PBXProject section */
		93BC7DAA1D659FD400414162 /* Project object */ = {
			isa = PBXProject;
			attributes = {
				LastUpgradeCheck = 0710;
				ORGANIZATIONNAME = com;
				TargetAttributes = {
					93BC7DB11D659FD400414162 = {
						CreatedOnToolsVersion = 7.1;
					};
					93BC7DCA1D659FD400414162 = {
						CreatedOnToolsVersion = 7.1;
						TestTargetID = 93BC7DB11D659FD400414162;
					};
					93BC7DD51D659FD400414162 = {
						CreatedOnToolsVersion = 7.1;
						TestTargetID = 93BC7DB11D659FD400414162;
					};
				};
			};
			buildConfigurationList = 93BC7DAD1D659FD400414162 /* Build configuration list for PBXProject "RuntimeHelper" */;
			compatibilityVersion = "Xcode 3.2";
			developmentRegion = English;
			hasScannedForEncodings = 0;
			knownRegions = (
				en,
				Base,
			);
			mainGroup = 93BC7DA91D659FD400414162;
			productRefGroup = 93BC7DB31D659FD400414162 /* Products */;
			projectDirPath = "";
			projectRoot = "";
			targets = (
				93BC7DB11D659FD400414162 /* RuntimeHelper */,
				93BC7DCA1D659FD400414162 /* RuntimeHelperTests */,
				93BC7DD51D659FD400414162 /* RuntimeHelperUITests */,
			);
		};
/* End PBXProject section */

/* Begin PBXResourcesBuildPhase section */
		93BC7DB01D659FD400414162 /* Resources */ = {
			isa = PBXResourcesBuildPhase;
			buildActionMask = 2147483647;
			files = (
				93BC7DC51D659FD400414162 /* LaunchScreen.storyboard in Resources */,
				93BC7DC21D659FD400414162 /* Assets.xcassets in Resources */,
				93BC7DC01D659FD400414162 /* Main.storyboard in Resources */,
			);
			runOnlyForDeploymentPostprocessing = 0;
		};
		93BC7DC91D659FD400414162 /* Resources */ = {
			isa = PBXResourcesBuildPhase;
			buildActionMask = 2147483647;
			files = (
			);
			runOnlyForDeploymentPostprocessing = 0;
		};
		93BC7DD41D659FD400414162 /* Resources */ = {
			isa = PBXResourcesBuildPhase;
			buildActionMask = 2147483647;
			files = (
			);
			runOnlyForDeploymentPostprocessing = 0;
		};
/* End PBXResourcesBuildPhase section */

/* Begin PBXSourcesBuildPhase section */
		93BC7DAE1D659FD400414162 /* Sources */ = {
			isa = PBXSourcesBuildPhase;
			buildActionMask = 2147483647;
			files = (
				93BC7DBD1D659FD400414162 /* ViewController.m in Sources */,
				93BC7DEE1D65A12F00414162 /* HLPerson.m in Sources */,
				93BC7DBA1D659FD400414162 /* AppDelegate.m in Sources */,
				93332E1C1D6D3044006C5805 /* NSString+numberDivision.m in Sources */,
				93BC7DB71D659FD400414162 /* main.m in Sources */,
				93BC7DEA1D65A09C00414162 /* UIButton+touch.m in Sources */,
			);
			runOnlyForDeploymentPostprocessing = 0;
		};
		93BC7DC71D659FD400414162 /* Sources */ = {
			isa = PBXSourcesBuildPhase;
			buildActionMask = 2147483647;
			files = (
				93BC7DD01D659FD400414162 /* RuntimeHelperTests.m in Sources */,
			);
			runOnlyForDeploymentPostprocessing = 0;
		};
		93BC7DD21D659FD400414162 /* Sources */ = {
			isa = PBXSourcesBuildPhase;
			buildActionMask = 2147483647;
			files = (
				93BC7DDB1D659FD400414162 /* RuntimeHelperUITests.m in Sources */,
			);
			runOnlyForDeploymentPostprocessing = 0;
		};
/* End PBXSourcesBuildPhase section */

/* Begin PBXTargetDependency section */
		93BC7DCD1D659FD400414162 /* PBXTargetDependency */ = {
			isa = PBXTargetDependency;
			target = 93BC7DB11D659FD400414162 /* RuntimeHelper */;
			targetProxy = 93BC7DCC1D659FD400414162 /* PBXContainerItemProxy */;
		};
		93BC7DD81D659FD400414162 /* PBXTargetDependency */ = {
			isa = PBXTargetDependency;
			target = 93BC7DB11D659FD400414162 /* RuntimeHelper */;
			targetProxy = 93BC7DD71D659FD400414162 /* PBXContainerItemProxy */;
		};
/* End PBXTargetDependency section */

/* Begin PBXVariantGroup section */
		93BC7DBE1D659FD400414162 /* Main.storyboard */ = {
			isa = PBXVariantGroup;
			children = (
				93BC7DBF1D659FD400414162 /* Base */,
			);
			name = Main.storyboard;
			sourceTree = "<group>";
		};
		93BC7DC31D659FD400414162 /* LaunchScreen.storyboard */ = {
			isa = PBXVariantGroup;
			children = (
				93BC7DC41D659FD400414162 /* Base */,
			);
			name = LaunchScreen.storyboard;
			sourceTree = "<group>";
		};
/* End PBXVariantGroup section */

/* Begin XCBuildConfiguration section */
		93BC7DDD1D659FD400414162 /* Debug */ = {
			isa = XCBuildConfiguration;
			buildSettings = {
				ALWAYS_SEARCH_USER_PATHS = NO;
				CLANG_CXX_LANGUAGE_STANDARD = "gnu++0x";
				CLANG_CXX_LIBRARY = "libc++";
				CLANG_ENABLE_MODULES = YES;
				CLANG_ENABLE_OBJC_ARC = YES;
				CLANG_WARN_BOOL_CONVERSION = YES;
				CLANG_WARN_CONSTANT_CONVERSION = YES;
				CLANG_WARN_DIRECT_OBJC_ISA_USAGE = YES_ERROR;
				CLANG_WARN_EMPTY_BODY = YES;
				CLANG_WARN_ENUM_CONVERSION = YES;
				CLANG_WARN_INT_CONVERSION = YES;
				CLANG_WARN_OBJC_ROOT_CLASS = YES_ERROR;
				CLANG_WARN_UNREACHABLE_CODE = YES;
				CLANG_WARN__DUPLICATE_METHOD_MATCH = YES;
				"CODE_SIGN_IDENTITY[sdk=iphoneos*]" = "iPhone Developer";
				COPY_PHASE_STRIP = NO;
				DEBUG_INFORMATION_FORMAT = dwarf;
				ENABLE_STRICT_OBJC_MSGSEND = YES;
				ENABLE_TESTABILITY = YES;
				GCC_C_LANGUAGE_STANDARD = gnu99;
				GCC_DYNAMIC_NO_PIC = NO;
				GCC_NO_COMMON_BLOCKS = YES;
				GCC_OPTIMIZATION_LEVEL = 0;
				GCC_PREPROCESSOR_DEFINITIONS = (
					"DEBUG=1",
					"$(inherited)",
				);
				GCC_WARN_64_TO_32_BIT_CONVERSION = YES;
				GCC_WARN_ABOUT_RETURN_TYPE = YES_ERROR;
				GCC_WARN_UNDECLARED_SELECTOR = YES;
				GCC_WARN_UNINITIALIZED_AUTOS = YES_AGGRESSIVE;
				GCC_WARN_UNUSED_FUNCTION = YES;
				GCC_WARN_UNUSED_VARIABLE = YES;
				IPHONEOS_DEPLOYMENT_TARGET = 9.1;
				MTL_ENABLE_DEBUG_INFO = YES;
				ONLY_ACTIVE_ARCH = YES;
				SDKROOT = iphoneos;
				TARGETED_DEVICE_FAMILY = "1,2";
			};
			name = Debug;
		};
		93BC7DDE1D659FD400414162 /* Release */ = {
			isa = XCBuildConfiguration;
			buildSettings = {
				ALWAYS_SEARCH_USER_PATHS = NO;
				CLANG_CXX_LANGUAGE_STANDARD = "gnu++0x";
				CLANG_CXX_LIBRARY = "libc++";
				CLANG_ENABLE_MODULES = YES;
				CLANG_ENABLE_OBJC_ARC = YES;
				CLANG_WARN_BOOL_CONVERSION = YES;
				CLANG_WARN_CONSTANT_CONVERSION = YES;
				CLANG_WARN_DIRECT_OBJC_ISA_USAGE = YES_ERROR;
				CLANG_WARN_EMPTY_BODY = YES;
				CLANG_WARN_ENUM_CONVERSION = YES;
				CLANG_WARN_INT_CONVERSION = YES;
				CLANG_WARN_OBJC_ROOT_CLASS = YES_ERROR;
				CLANG_WARN_UNREACHABLE_CODE = YES;
				CLANG_WARN__DUPLICATE_METHOD_MATCH = YES;
				"CODE_SIGN_IDENTITY[sdk=iphoneos*]" = "iPhone Developer";
				COPY_PHASE_STRIP = NO;
				DEBUG_INFORMATION_FORMAT = "dwarf-with-dsym";
				ENABLE_NS_ASSERTIONS = NO;
				ENABLE_STRICT_OBJC_MSGSEND = YES;
				GCC_C_LANGUAGE_STANDARD = gnu99;
				GCC_NO_COMMON_BLOCKS = YES;
				GCC_WARN_64_TO_32_BIT_CONVERSION = YES;
				GCC_WARN_ABOUT_RETURN_TYPE = YES_ERROR;
				GCC_WARN_UNDECLARED_SELECTOR = YES;
				GCC_WARN_UNINITIALIZED_AUTOS = YES_AGGRESSIVE;
				GCC_WARN_UNUSED_FUNCTION = YES;
				GCC_WARN_UNUSED_VARIABLE = YES;
				IPHONEOS_DEPLOYMENT_TARGET = 9.1;
				MTL_ENABLE_DEBUG_INFO = NO;
				SDKROOT = iphoneos;
				TARGETED_DEVICE_FAMILY = "1,2";
				VALIDATE_PRODUCT = YES;
			};
			name = Release;
		};
		93BC7DE01D659FD400414162 /* Debug */ = {
			isa = XCBuildConfiguration;
			buildSettings = {
				ASSETCATALOG_COMPILER_APPICON_NAME = AppIcon;
				INFOPLIST_FILE = RuntimeHelper/Info.plist;
				IPHONEOS_DEPLOYMENT_TARGET = 8.0;
				LD_RUNPATH_SEARCH_PATHS = "$(inherited) @executable_path/Frameworks";
				PRODUCT_BUNDLE_IDENTIFIER = com.RuntimeHelper;
				PRODUCT_NAME = "$(TARGET_NAME)";
			};
			name = Debug;
		};
		93BC7DE11D659FD400414162 /* Release */ = {
			isa = XCBuildConfiguration;
			buildSettings = {
				ASSETCATALOG_COMPILER_APPICON_NAME = AppIcon;
				INFOPLIST_FILE = RuntimeHelper/Info.plist;
				IPHONEOS_DEPLOYMENT_TARGET = 8.0;
				LD_RUNPATH_SEARCH_PATHS = "$(inherited) @executable_path/Frameworks";
				PRODUCT_BUNDLE_IDENTIFIER = com.RuntimeHelper;
				PRODUCT_NAME = "$(TARGET_NAME)";
			};
			name = Release;
		};
		93BC7DE31D659FD400414162 /* Debug */ = {
			isa = XCBuildConfiguration;
			buildSettings = {
				BUNDLE_LOADER = "$(TEST_HOST)";
				INFOPLIST_FILE = RuntimeHelperTests/Info.plist;
				LD_RUNPATH_SEARCH_PATHS = "$(inherited) @executable_path/Frameworks @loader_path/Frameworks";
				PRODUCT_BUNDLE_IDENTIFIER = com.RuntimeHelperTests;
				PRODUCT_NAME = "$(TARGET_NAME)";
				TEST_HOST = "$(BUILT_PRODUCTS_DIR)/RuntimeHelper.app/RuntimeHelper";
			};
			name = Debug;
		};
		93BC7DE41D659FD400414162 /* Release */ = {
			isa = XCBuildConfiguration;
			buildSettings = {
				BUNDLE_LOADER = "$(TEST_HOST)";
				INFOPLIST_FILE = RuntimeHelperTests/Info.plist;
				LD_RUNPATH_SEARCH_PATHS = "$(inherited) @executable_path/Frameworks @loader_path/Frameworks";
				PRODUCT_BUNDLE_IDENTIFIER = com.RuntimeHelperTests;
				PRODUCT_NAME = "$(TARGET_NAME)";
				TEST_HOST = "$(BUILT_PRODUCTS_DIR)/RuntimeHelper.app/RuntimeHelper";
			};
			name = Release;
		};
		93BC7DE61D659FD400414162 /* Debug */ = {
			isa = XCBuildConfiguration;
			buildSettings = {
				INFOPLIST_FILE = RuntimeHelperUITests/Info.plist;
				LD_RUNPATH_SEARCH_PATHS = "$(inherited) @executable_path/Frameworks @loader_path/Frameworks";
				PRODUCT_BUNDLE_IDENTIFIER = com.RuntimeHelperUITests;
				PRODUCT_NAME = "$(TARGET_NAME)";
				TEST_TARGET_NAME = RuntimeHelper;
				USES_XCTRUNNER = YES;
			};
			name = Debug;
		};
		93BC7DE71D659FD400414162 /* Release */ = {
			isa = XCBuildConfiguration;
			buildSettings = {
				INFOPLIST_FILE = RuntimeHelperUITests/Info.plist;
				LD_RUNPATH_SEARCH_PATHS = "$(inherited) @executable_path/Frameworks @loader_path/Frameworks";
				PRODUCT_BUNDLE_IDENTIFIER = com.RuntimeHelperUITests;
				PRODUCT_NAME = "$(TARGET_NAME)";
				TEST_TARGET_NAME = RuntimeHelper;
				USES_XCTRUNNER = YES;
			};
			name = Release;
		};
/* End XCBuildConfiguration section */

/* Begin XCConfigurationList section */
		93BC7DAD1D659FD400414162 /* Build configuration list for PBXProject "RuntimeHelper" */ = {
			isa = XCConfigurationList;
			buildConfigurations = (
				93BC7DDD1D659FD400414162 /* Debug */,
				93BC7DDE1D659FD400414162 /* Release */,
			);
			defaultConfigurationIsVisible = 0;
			defaultConfigurationName = Release;
		};
		93BC7DDF1D659FD400414162 /* Build configuration list for PBXNativeTarget "RuntimeHelper" */ = {
			isa = XCConfigurationList;
			buildConfigurations = (
				93BC7DE01D659FD400414162 /* Debug */,
				93BC7DE11D659FD400414162 /* Release */,
			);
			defaultConfigurationIsVisible = 0;
			defaultConfigurationName = Release;
		};
		93BC7DE21D659FD400414162 /* Build configuration list for PBXNativeTarget "RuntimeHelperTests" */ = {
			isa = XCConfigurationList;
			buildConfigurations = (
				93BC7DE31D659FD400414162 /* Debug */,
				93BC7DE41D659FD400414162 /* Release */,
			);
			defaultConfigurationIsVisible = 0;
			defaultConfigurationName = Release;
		};
		93BC7DE51D659FD400414162 /* Build configuration list for PBXNativeTarget "RuntimeHelperUITests" */ = {
			isa = XCConfigurationList;
			buildConfigurations = (
				93BC7DE61D659FD400414162 /* Debug */,
				93BC7DE71D659FD400414162 /* Release */,
			);
			defaultConfigurationIsVisible = 0;
			defaultConfigurationName = Release;
		};
/* End XCConfigurationList section */
	};
	rootObject = 93BC7DAA1D659FD400414162 /* Project object */;
}
